
Microsoft Visual Studio Solution File, Format Version 12.00
# Visual Studio Version 17
VisualStudioVersion = 17.13.36105.23
MinimumVisualStudioVersion = 10.0.40219.1
Project("{FAE04EC0-301F-11D3-BF4B-00C04F79EFBC}") = "OpenData.Mcp.Server", "OpenData.Mcp.Server\OpenData.Mcp.Server.csproj", "{652A04B9-CD30-47AB-8E35-FBF88441B1A9}"
EndProject
Project("{FAE04EC0-301F-11D3-BF4B-00C04F79EFBC}") = "OpenData.Mcp.Server.Tests", "OpenData.Mcp.Server.Tests\OpenData.Mcp.Server.Tests.csproj", "{478B05DE-0EB9-4446-AEB0-1025FD7847BD}"
EndProject
Project("{FAE04EC0-301F-11D3-BF4B-00C04F79EFBC}") = "OpenData.Mcp.Server.IntegrationTests", "OpenData.Mcp.Server.IntegrationTests\OpenData.Mcp.Server.IntegrationTests.csproj", "{845187DF-4F6B-4F60-950A-D2BCB0B1E14B}"
EndProject
Global
	GlobalSection(SolutionConfigurationPlatforms) = preSolution
		Debug|Any CPU = Debug|Any CPU
		Debug|x64 = Debug|x64
		Debug|x86 = Debug|x86
		Release|Any CPU = Release|Any CPU
		Release|x64 = Release|x64
		Release|x86 = Release|x86
	EndGlobalSection
	GlobalSection(ProjectConfigurationPlatforms) = postSolution
		{652A04B9-CD30-47AB-8E35-FBF88441B1A9}.Debug|Any CPU.ActiveCfg = Debug|Any CPU
		{652A04B9-CD30-47AB-8E35-FBF88441B1A9}.Debug|Any CPU.Build.0 = Debug|Any CPU
		{652A04B9-CD30-47AB-8E35-FBF88441B1A9}.Debug|x64.ActiveCfg = Debug|Any CPU
		{652A04B9-CD30-47AB-8E35-FBF88441B1A9}.Debug|x64.Build.0 = Debug|Any CPU
		{652A04B9-CD30-47AB-8E35-FBF88441B1A9}.Debug|x86.ActiveCfg = Debug|Any CPU
		{652A04B9-CD30-47AB-8E35-FBF88441B1A9}.Debug|x86.Build.0 = Debug|Any CPU
		{652A04B9-CD30-47AB-8E35-FBF88441B1A9}.Release|Any CPU.ActiveCfg = Release|Any CPU
		{652A04B9-CD30-47AB-8E35-FBF88441B1A9}.Release|Any CPU.Build.0 = Release|Any CPU
		{652A04B9-CD30-47AB-8E35-FBF88441B1A9}.Release|x64.ActiveCfg = Release|Any CPU
		{652A04B9-CD30-47AB-8E35-FBF88441B1A9}.Release|x64.Build.0 = Release|Any CPU
		{652A04B9-CD30-47AB-8E35-FBF88441B1A9}.Release|x86.ActiveCfg = Release|Any CPU
		{652A04B9-CD30-47AB-8E35-FBF88441B1A9}.Release|x86.Build.0 = Release|Any CPU
		{478B05DE-0EB9-4446-AEB0-1025FD7847BD}.Debug|Any CPU.ActiveCfg = Debug|Any CPU
		{478B05DE-0EB9-4446-AEB0-1025FD7847BD}.Debug|Any CPU.Build.0 = Debug|Any CPU
		{478B05DE-0EB9-4446-AEB0-1025FD7847BD}.Debug|x64.ActiveCfg = Debug|Any CPU
		{478B05DE-0EB9-4446-AEB0-1025FD7847BD}.Debug|x64.Build.0 = Debug|Any CPU
		{478B05DE-0EB9-4446-AEB0-1025FD7847BD}.Debug|x86.ActiveCfg = Debug|Any CPU
		{478B05DE-0EB9-4446-AEB0-1025FD7847BD}.Debug|x86.Build.0 = Debug|Any CPU
		{478B05DE-0EB9-4446-AEB0-1025FD7847BD}.Release|Any CPU.ActiveCfg = Release|Any CPU
		{478B05DE-0EB9-4446-AEB0-1025FD7847BD}.Release|Any CPU.Build.0 = Release|Any CPU
		{478B05DE-0EB9-4446-AEB0-1025FD7847BD}.Release|x64.ActiveCfg = Release|Any CPU
		{478B05DE-0EB9-4446-AEB0-1025FD7847BD}.Release|x64.Build.0 = Release|Any CPU
		{478B05DE-0EB9-4446-AEB0-1025FD7847BD}.Release|x86.ActiveCfg = Release|Any CPU
		{478B05DE-0EB9-4446-AEB0-1025FD7847BD}.Release|x86.Build.0 = Release|Any CPU
		{845187DF-4F6B-4F60-950A-D2BCB0B1E14B}.Debug|Any CPU.ActiveCfg = Debug|Any CPU
		{845187DF-4F6B-4F60-950A-D2BCB0B1E14B}.Debug|Any CPU.Build.0 = Debug|Any CPU
		{845187DF-4F6B-4F60-950A-D2BCB0B1E14B}.Debug|x64.ActiveCfg = Debug|Any CPU
		{845187DF-4F6B-4F60-950A-D2BCB0B1E14B}.Debug|x64.Build.0 = Debug|Any CPU
		{845187DF-4F6B-4F60-950A-D2BCB0B1E14B}.Debug|x86.ActiveCfg = Debug|Any CPU
		{845187DF-4F6B-4F60-950A-D2BCB0B1E14B}.Debug|x86.Build.0 = Debug|Any CPU
		{845187DF-4F6B-4F60-950A-D2BCB0B1E14B}.Release|Any CPU.ActiveCfg = Release|Any CPU
		{845187DF-4F6B-4F60-950A-D2BCB0B1E14B}.Release|Any CPU.Build.0 = Release|Any CPU
		{845187DF-4F6B-4F60-950A-D2BCB0B1E14B}.Release|x64.ActiveCfg = Release|Any CPU
		{845187DF-4F6B-4F60-950A-D2BCB0B1E14B}.Release|x64.Build.0 = Release|Any CPU
		{845187DF-4F6B-4F60-950A-D2BCB0B1E14B}.Release|x86.ActiveCfg = Release|Any CPU
		{845187DF-4F6B-4F60-950A-D2BCB0B1E14B}.Release|x86.Build.0 = Release|Any CPU
	EndGlobalSection
	GlobalSection(SolutionProperties) = preSolution
		HideSolutionNode = FALSE
	EndGlobalSection
	GlobalSection(ExtensibilityGlobals) = postSolution
		SolutionGuid = {E340703D-2796-413F-8281-3144A85303EB}
	EndGlobalSection
EndGlobal
